
Microsoft Visual Studio Solution File, Format Version 12.00
# Visual Studio Version 16
VisualStudioVersion = 16.0.31424.327
MinimumVisualStudioVersion = 10.0.40219.1
Project("{9A19103F-16F7-4668-BE54-9A1E7A4F7556}") = "PersonsApp", "Persons_App\PersonsApp.csproj", "{EC620D81-CA29-4B8F-BA30-BC4123F5EFBE}"
EndProject
Project("{2150E333-8FDC-42A3-9474-1A3956D46DE8}") = "src", "src", "{755692AE-3C04-444B-A183-252E4CC48544}"
EndProject
Project("{2150E333-8FDC-42A3-9474-1A3956D46DE8}") = "Domain", "Domain", "{862F43C5-35DC-4175-9251-2B146ACB2FE7}"
EndProject
Project("{2150E333-8FDC-42A3-9474-1A3956D46DE8}") = "Application", "Application", "{47F1BA57-51BB-4063-A47B-D29A4D6DE005}"
EndProject
Project("{2150E333-8FDC-42A3-9474-1A3956D46DE8}") = "Infrastructure", "Infrastructure", "{E28EED7D-83D3-4D8D-83D8-658FD22AFF7C}"
EndProject
Project("{2150E333-8FDC-42A3-9474-1A3956D46DE8}") = "WebUI", "WebUI", "{DE7292A5-6958-4BD2-A5AD-582476D3685E}"
EndProject
Project("{FAE04EC0-301F-11D3-BF4B-00C04F79EFBC}") = "Persons_App.Domain", "Persons_App.Domain\Persons_App.Domain.csproj", "{9AB9D874-6EC6-4CDE-B090-8BC16A6A6905}"
EndProject
Project("{FAE04EC0-301F-11D3-BF4B-00C04F79EFBC}") = "Persons_App.Application", "Persons_App.Application\Persons_App.Application.csproj", "{A86C2F18-DE67-4678-AE27-4AF5DD89F91B}"
EndProject
Project("{FAE04EC0-301F-11D3-BF4B-00C04F79EFBC}") = "Persons_App.Infrastructure", "Persons_App.Infrastructure\Persons_App.Infrastructure.csproj", "{01E6FF25-093A-47D2-84E5-A88E55C74E1E}"
EndProject
Global
	GlobalSection(SolutionConfigurationPlatforms) = preSolution
		Debug|Any CPU = Debug|Any CPU
		Release|Any CPU = Release|Any CPU
	EndGlobalSection
	GlobalSection(ProjectConfigurationPlatforms) = postSolution
		{EC620D81-CA29-4B8F-BA30-BC4123F5EFBE}.Debug|Any CPU.ActiveCfg = Debug|Any CPU
		{EC620D81-CA29-4B8F-BA30-BC4123F5EFBE}.Debug|Any CPU.Build.0 = Debug|Any CPU
		{EC620D81-CA29-4B8F-BA30-BC4123F5EFBE}.Release|Any CPU.ActiveCfg = Release|Any CPU
		{EC620D81-CA29-4B8F-BA30-BC4123F5EFBE}.Release|Any CPU.Build.0 = Release|Any CPU
		{9AB9D874-6EC6-4CDE-B090-8BC16A6A6905}.Debug|Any CPU.ActiveCfg = Debug|Any CPU
		{9AB9D874-6EC6-4CDE-B090-8BC16A6A6905}.Debug|Any CPU.Build.0 = Debug|Any CPU
		{9AB9D874-6EC6-4CDE-B090-8BC16A6A6905}.Release|Any CPU.ActiveCfg = Release|Any CPU
		{9AB9D874-6EC6-4CDE-B090-8BC16A6A6905}.Release|Any CPU.Build.0 = Release|Any CPU
		{A86C2F18-DE67-4678-AE27-4AF5DD89F91B}.Debug|Any CPU.ActiveCfg = Debug|Any CPU
		{A86C2F18-DE67-4678-AE27-4AF5DD89F91B}.Debug|Any CPU.Build.0 = Debug|Any CPU
		{A86C2F18-DE67-4678-AE27-4AF5DD89F91B}.Release|Any CPU.ActiveCfg = Release|Any CPU
		{A86C2F18-DE67-4678-AE27-4AF5DD89F91B}.Release|Any CPU.Build.0 = Release|Any CPU
		{01E6FF25-093A-47D2-84E5-A88E55C74E1E}.Debug|Any CPU.ActiveCfg = Debug|Any CPU
		{01E6FF25-093A-47D2-84E5-A88E55C74E1E}.Debug|Any CPU.Build.0 = Debug|Any CPU
		{01E6FF25-093A-47D2-84E5-A88E55C74E1E}.Release|Any CPU.ActiveCfg = Release|Any CPU
		{01E6FF25-093A-47D2-84E5-A88E55C74E1E}.Release|Any CPU.Build.0 = Release|Any CPU
	EndGlobalSection
	GlobalSection(SolutionProperties) = preSolution
		HideSolutionNode = FALSE
	EndGlobalSection
	GlobalSection(NestedProjects) = preSolution
		{EC620D81-CA29-4B8F-BA30-BC4123F5EFBE} = {DE7292A5-6958-4BD2-A5AD-582476D3685E}
		{862F43C5-35DC-4175-9251-2B146ACB2FE7} = {755692AE-3C04-444B-A183-252E4CC48544}
		{47F1BA57-51BB-4063-A47B-D29A4D6DE005} = {755692AE-3C04-444B-A183-252E4CC48544}
		{E28EED7D-83D3-4D8D-83D8-658FD22AFF7C} = {755692AE-3C04-444B-A183-252E4CC48544}
		{DE7292A5-6958-4BD2-A5AD-582476D3685E} = {755692AE-3C04-444B-A183-252E4CC48544}
		{9AB9D874-6EC6-4CDE-B090-8BC16A6A6905} = {862F43C5-35DC-4175-9251-2B146ACB2FE7}
		{A86C2F18-DE67-4678-AE27-4AF5DD89F91B} = {47F1BA57-51BB-4063-A47B-D29A4D6DE005}
		{01E6FF25-093A-47D2-84E5-A88E55C74E1E} = {E28EED7D-83D3-4D8D-83D8-658FD22AFF7C}
	EndGlobalSection
	GlobalSection(ExtensibilityGlobals) = postSolution
		SolutionGuid = {6A510F56-4B08-457E-8E5F-55B93691F31C}
	EndGlobalSection
EndGlobal
