
Microsoft Visual Studio Solution File, Format Version 12.00
# Visual Studio Version 16
VisualStudioVersion = 16.0.31424.327
MinimumVisualStudioVersion = 10.0.40219.1
Project("{9A19103F-16F7-4668-BE54-9A1E7A4F7556}") = "PersonsApp", "Persons_App\PersonsApp.csproj", "{EC620D81-CA29-4B8F-BA30-BC4123F5EFBE}"
EndProject
Project("{FAE04EC0-301F-11D3-BF4B-00C04F79EFBC}") = "PersonsApp.EntityFrameworkCore", "Persons_App.EntityFrameworkCore\PersonsApp.EntityFrameworkCore.csproj", "{AF318013-FA00-4ACE-B84E-1A1112EACA4C}"
EndProject
Global
	GlobalSection(SolutionConfigurationPlatforms) = preSolution
		Debug|Any CPU = Debug|Any CPU
		Release|Any CPU = Release|Any CPU
	EndGlobalSection
	GlobalSection(ProjectConfigurationPlatforms) = postSolution
		{EC620D81-CA29-4B8F-BA30-BC4123F5EFBE}.Debug|Any CPU.ActiveCfg = Debug|Any CPU
		{EC620D81-CA29-4B8F-BA30-BC4123F5EFBE}.Debug|Any CPU.Build.0 = Debug|Any CPU
		{EC620D81-CA29-4B8F-BA30-BC4123F5EFBE}.Release|Any CPU.ActiveCfg = Release|Any CPU
		{EC620D81-CA29-4B8F-BA30-BC4123F5EFBE}.Release|Any CPU.Build.0 = Release|Any CPU
		{AF318013-FA00-4ACE-B84E-1A1112EACA4C}.Debug|Any CPU.ActiveCfg = Debug|Any CPU
		{AF318013-FA00-4ACE-B84E-1A1112EACA4C}.Debug|Any CPU.Build.0 = Debug|Any CPU
		{AF318013-FA00-4ACE-B84E-1A1112EACA4C}.Release|Any CPU.ActiveCfg = Release|Any CPU
		{AF318013-FA00-4ACE-B84E-1A1112EACA4C}.Release|Any CPU.Build.0 = Release|Any CPU
	EndGlobalSection
	GlobalSection(SolutionProperties) = preSolution
		HideSolutionNode = FALSE
	EndGlobalSection
	GlobalSection(ExtensibilityGlobals) = postSolution
		SolutionGuid = {6A510F56-4B08-457E-8E5F-55B93691F31C}
	EndGlobalSection
EndGlobal
